<Solution>
  <Folder Name="/docs/">
    <File Path="docs/README.md" />
    <File Path="docs/organizations-task.md" />
    <File Path="docs/organizations-production-hardening-task.md" />
    <File Path="docs/organizations-lifecycle-consistency-task.md" />
    <File Path="docs/organizations-membership-change-policy-task.md" />
    <File Path="docs/organizations-join-source-issuance-task.md" />
  </Folder>
  <Folder Name="/eng/">
    <File Path="eng/bootstrap-source-roots.ps1" />
    <File Path="eng/check-boundaries.ps1" />
    <File Path="eng/check-migrations.ps1" />
    <File Path="eng/verify.ps1" />
  </Folder>
  <Folder Name="/.github/workflows/">
    <File Path=".github/workflows/validate.yml" />
  </Folder>
  <Folder Name="/Solution Items/">
    <File Path=".editorconfig" />
    <File Path=".gitattributes" />
    <File Path=".gitignore" />
    <File Path="Directory.Build.props" />
    <File Path="Directory.Packages.props" />
    <File Path="global.json" />
    <File Path="Gma.SourceRoots.props.example" />
    <File Path="LICENSE" />
    <File Path="nuget.config" />
    <File Path="README.md" />
  </Folder>
  <Folder Name="/src/Admin/">
    <Project Path="src/Gma.Modules.Organizations.Admin.Contracts/Gma.Modules.Organizations.Admin.Contracts.csproj" />
    <Project Path="src/Gma.Modules.Organizations.AdminApi/Gma.Modules.Organizations.AdminApi.csproj" />
    <Project Path="src/Gma.Modules.Organizations.AdminCli/Gma.Modules.Organizations.AdminCli.csproj" />
  </Folder>
  <Folder Name="/src/Api/">
    <Project Path="src/Gma.Modules.Organizations.Api/Gma.Modules.Organizations.Api.csproj" />
  </Folder>
  <Folder Name="/src/Application/">
    <Project Path="src/Gma.Modules.Organizations.Application/Gma.Modules.Organizations.Application.csproj" />
  </Folder>
  <Folder Name="/src/Contracts/">
    <Project Path="src/Gma.Modules.Organizations.Contracts/Gma.Modules.Organizations.Contracts.csproj" />
  </Folder>
  <Folder Name="/src/Domain/">
    <Project Path="src/Gma.Modules.Organizations.Domain/Gma.Modules.Organizations.Domain.csproj" />
  </Folder>
  <Folder Name="/src/Persistence/">
    <Project Path="src/Gma.Modules.Organizations.Persistence/Gma.Modules.Organizations.Persistence.csproj" />
    <Project Path="src/Gma.Modules.Organizations.Persistence.SqlServerMigrations/Gma.Modules.Organizations.Persistence.SqlServerMigrations.csproj" />
    <Project Path="src/Gma.Modules.Organizations.Persistence.PostgreSqlMigrations/Gma.Modules.Organizations.Persistence.PostgreSqlMigrations.csproj" />
  </Folder>
  <Folder Name="/tests/">
    <Project Path="tests/Gma.Modules.Organizations.IntegrationTests/Gma.Modules.Organizations.IntegrationTests.csproj" />
    <Project Path="tests/Gma.Modules.Organizations.Tests/Gma.Modules.Organizations.Tests.csproj" />
  </Folder>
</Solution>
